
Microsoft Visual Studio Solution File, Format Version 12.00
# Visual Studio 15
VisualStudioVersion = 15.0.26228.9
MinimumVisualStudioVersion = 10.0.40219.1
Project("{FAE04EC0-301F-11D3-BF4B-00C04F79EFBC}") = "PSExcercise", "PSExcercise\PSExcercise.csproj", "{38FED140-5C72-4FDB-8DB4-A272C1247DCD}"
EndProject
Project("{FAE04EC0-301F-11D3-BF4B-00C04F79EFBC}") = "CrossProject", "CrossProject\CrossProject.csproj", "{04C4AD8F-36FF-43EF-BF83-B1238550FBE4}"
EndProject
Global
	GlobalSection(SolutionConfigurationPlatforms) = preSolution
		Debug|Any CPU = Debug|Any CPU
		Release|Any CPU = Release|Any CPU
	EndGlobalSection
	GlobalSection(ProjectConfigurationPlatforms) = postSolution
		{38FED140-5C72-4FDB-8DB4-A272C1247DCD}.Debug|Any CPU.ActiveCfg = Debug|Any CPU
		{38FED140-5C72-4FDB-8DB4-A272C1247DCD}.Debug|Any CPU.Build.0 = Debug|Any CPU
		{38FED140-5C72-4FDB-8DB4-A272C1247DCD}.Release|Any CPU.ActiveCfg = Release|Any CPU
		{38FED140-5C72-4FDB-8DB4-A272C1247DCD}.Release|Any CPU.Build.0 = Release|Any CPU
		{04C4AD8F-36FF-43EF-BF83-B1238550FBE4}.Debug|Any CPU.ActiveCfg = Debug|Any CPU
		{04C4AD8F-36FF-43EF-BF83-B1238550FBE4}.Debug|Any CPU.Build.0 = Debug|Any CPU
		{04C4AD8F-36FF-43EF-BF83-B1238550FBE4}.Release|Any CPU.ActiveCfg = Release|Any CPU
		{04C4AD8F-36FF-43EF-BF83-B1238550FBE4}.Release|Any CPU.Build.0 = Release|Any CPU
	EndGlobalSection
	GlobalSection(SolutionProperties) = preSolution
		HideSolutionNode = FALSE
	EndGlobalSection
EndGlobal
